
Microsoft Visual Studio Solution File, Format Version 12.00
# Visual Studio Version 17
VisualStudioVersion = 17.6.33815.320
MinimumVisualStudioVersion = 10.0.40219.1
Project("{9A19103F-16F7-4668-BE54-9A1E7A4F7556}") = "ConsoleApp1", "ConsoleApp1\ConsoleApp1.csproj", "{6A57C702-A68D-4ABC-ABD8-C6A6A1B3B668}"
EndProject
Project("{9A19103F-16F7-4668-BE54-9A1E7A4F7556}") = "DAL", "DAL\DAL.csproj", "{30B61AA7-ACF4-44A1-824B-9DE3CA37E09C}"
EndProject
Project("{9A19103F-16F7-4668-BE54-9A1E7A4F7556}") = "Model", "Model\Model.csproj", "{BA0047F2-7677-4106-A44A-2DF5A7B09175}"
EndProject
Project("{9A19103F-16F7-4668-BE54-9A1E7A4F7556}") = "Web.Mvc", "Web.Mvc\Web.Mvc.csproj", "{86DEFAC8-E9C0-45A6-8F49-DC8FFE3F040F}"
EndProject
Project("{9A19103F-16F7-4668-BE54-9A1E7A4F7556}") = "API", "API\API.csproj", "{B63E4C5C-3182-4078-8385-3E0D6C039413}"
EndProject
Project("{FAE04EC0-301F-11D3-BF4B-00C04F79EFBC}") = "Utility", "Utility\Utility.csproj", "{2AE72F2C-AE84-40B8-B22F-69578B3E6453}"
EndProject
Global
	GlobalSection(SolutionConfigurationPlatforms) = preSolution
		Debug|Any CPU = Debug|Any CPU
		Release|Any CPU = Release|Any CPU
	EndGlobalSection
	GlobalSection(ProjectConfigurationPlatforms) = postSolution
		{6A57C702-A68D-4ABC-ABD8-C6A6A1B3B668}.Debug|Any CPU.ActiveCfg = Debug|Any CPU
		{6A57C702-A68D-4ABC-ABD8-C6A6A1B3B668}.Debug|Any CPU.Build.0 = Debug|Any CPU
		{6A57C702-A68D-4ABC-ABD8-C6A6A1B3B668}.Release|Any CPU.ActiveCfg = Release|Any CPU
		{6A57C702-A68D-4ABC-ABD8-C6A6A1B3B668}.Release|Any CPU.Build.0 = Release|Any CPU
		{30B61AA7-ACF4-44A1-824B-9DE3CA37E09C}.Debug|Any CPU.ActiveCfg = Debug|Any CPU
		{30B61AA7-ACF4-44A1-824B-9DE3CA37E09C}.Debug|Any CPU.Build.0 = Debug|Any CPU
		{30B61AA7-ACF4-44A1-824B-9DE3CA37E09C}.Release|Any CPU.ActiveCfg = Release|Any CPU
		{30B61AA7-ACF4-44A1-824B-9DE3CA37E09C}.Release|Any CPU.Build.0 = Release|Any CPU
		{BA0047F2-7677-4106-A44A-2DF5A7B09175}.Debug|Any CPU.ActiveCfg = Debug|Any CPU
		{BA0047F2-7677-4106-A44A-2DF5A7B09175}.Debug|Any CPU.Build.0 = Debug|Any CPU
		{BA0047F2-7677-4106-A44A-2DF5A7B09175}.Release|Any CPU.ActiveCfg = Release|Any CPU
		{BA0047F2-7677-4106-A44A-2DF5A7B09175}.Release|Any CPU.Build.0 = Release|Any CPU
		{86DEFAC8-E9C0-45A6-8F49-DC8FFE3F040F}.Debug|Any CPU.ActiveCfg = Debug|Any CPU
		{86DEFAC8-E9C0-45A6-8F49-DC8FFE3F040F}.Debug|Any CPU.Build.0 = Debug|Any CPU
		{86DEFAC8-E9C0-45A6-8F49-DC8FFE3F040F}.Release|Any CPU.ActiveCfg = Release|Any CPU
		{86DEFAC8-E9C0-45A6-8F49-DC8FFE3F040F}.Release|Any CPU.Build.0 = Release|Any CPU
		{B63E4C5C-3182-4078-8385-3E0D6C039413}.Debug|Any CPU.ActiveCfg = Debug|Any CPU
		{B63E4C5C-3182-4078-8385-3E0D6C039413}.Debug|Any CPU.Build.0 = Debug|Any CPU
		{B63E4C5C-3182-4078-8385-3E0D6C039413}.Release|Any CPU.ActiveCfg = Release|Any CPU
		{B63E4C5C-3182-4078-8385-3E0D6C039413}.Release|Any CPU.Build.0 = Release|Any CPU
		{2AE72F2C-AE84-40B8-B22F-69578B3E6453}.Debug|Any CPU.ActiveCfg = Debug|Any CPU
		{2AE72F2C-AE84-40B8-B22F-69578B3E6453}.Debug|Any CPU.Build.0 = Debug|Any CPU
		{2AE72F2C-AE84-40B8-B22F-69578B3E6453}.Release|Any CPU.ActiveCfg = Release|Any CPU
		{2AE72F2C-AE84-40B8-B22F-69578B3E6453}.Release|Any CPU.Build.0 = Release|Any CPU
	EndGlobalSection
	GlobalSection(SolutionProperties) = preSolution
		HideSolutionNode = FALSE
	EndGlobalSection
	GlobalSection(ExtensibilityGlobals) = postSolution
		SolutionGuid = {3C520E7A-F2E4-4368-9680-AA910BCFE9BD}
	EndGlobalSection
EndGlobal
